Microsoft Visual Studio Solution File, Format Version 12.00
# Visual Studio Version 17
VisualStudioVersion = 17.5.2.0
MinimumVisualStudioVersion = 10.0.40219.1
Project("{FAE04EC0-301F-11D3-BF4B-00C04F79EFBC}") = "inmobiliaria-menichetti", "inmobiliaria-menichetti.csproj", "{D78D56E8-BAED-FE66-4BE9-966B2ECEE6AC}"
EndProject
Global
	GlobalSection(SolutionConfigurationPlatforms) = preSolution
		Debug|Any CPU = Debug|Any CPU
		Release|Any CPU = Release|Any CPU
	EndGlobalSection
	GlobalSection(ProjectConfigurationPlatforms) = postSolution
		{D78D56E8-BAED-FE66-4BE9-966B2ECEE6AC}.Debug|Any CPU.ActiveCfg = Debug|Any CPU
		{D78D56E8-BAED-FE66-4BE9-966B2ECEE6AC}.Debug|Any CPU.Build.0 = Debug|Any CPU
		{D78D56E8-BAED-FE66-4BE9-966B2ECEE6AC}.Release|Any CPU.ActiveCfg = Release|Any CPU
		{D78D56E8-BAED-FE66-4BE9-966B2ECEE6AC}.Release|Any CPU.Build.0 = Release|Any CPU
	EndGlobalSection
	GlobalSection(SolutionProperties) = preSolution
		HideSolutionNode = FALSE
	EndGlobalSection
	GlobalSection(ExtensibilityGlobals) = postSolution
		SolutionGuid = {16720B75-C77D-443B-B5E2-B5F392F2B6CA}
	EndGlobalSection
EndGlobal
